{
  "version": 4,
  "terraform_version": "1.14.3",
  "serial": 95,
  "lineage": "a17a523b-4de4-e2cf-5735-eea9d0d27a70",
  "outputs": {},
  "resources": [
    {
      "module": "module.ecr",
      "mode": "managed",
      "type": "aws_ecr_repository",
      "name": "this",
      "provider": "provider[\"registry.terraform.io/hashicorp/aws\"]",
      "instances": [
        {
          "schema_version": 0,
          "attributes": {
            "arn": "arn:aws:ecr:us-east-1:536697239284:repository/python-http-service",
            "encryption_configuration": [
              {
                "encryption_type": "AES256",
                "kms_key": ""
              }
            ],
            "force_delete": null,
            "id": "python-http-service",
            "image_scanning_configuration": [
              {
                "scan_on_push": true
              }
            ],
            "image_tag_mutability": "MUTABLE",
            "image_tag_mutability_exclusion_filter": [],
            "name": "python-http-service",
            "region": "us-east-1",
            "registry_id": "536697239284",
            "repository_url": "536697239284.dkr.ecr.us-east-1.amazonaws.com/python-http-service",
            "tags": {
              "Component": "ecr",
              "ManagedBy": "terraform"
            },
            "tags_all": {
              "Component": "ecr",
              "ManagedBy": "terraform"
            },
            "timeouts": null
          },
          "sensitive_attributes": [],
          "identity_schema_version": 0,
          "identity": {
            "account_id": "536697239284",
            "name": "python-http-service",
            "region": "us-east-1"
          },
          "private": "eyJlMmJmYjczMC1lY2FhLTExZTYtOGY4OC0zNDM2M2JjN2M0YzAiOnsiZGVsZXRlIjoxMjAwMDAwMDAwMDAwfX0="
        }
      ]
    }
  ],
  "check_results": [
    {
      "object_kind": "var",
      "config_addr": "module.ecr.var.image_tag_mutability",
      "status": "unknown",
      "objects": null
    }
  ]
}
